
Microsoft Visual Studio Solution File, Format Version 12.00
# Visual Studio 15
VisualStudioVersion = 15.0.27130.2020
MinimumVisualStudioVersion = 10.0.40219.1
Project("{FAE04EC0-301F-11D3-BF4B-00C04F79EFBC}") = "DICOM-visualizer", "DICOM-visualizer\DICOM-visualizer.csproj", "{CD76B6CC-B447-4748-BFAC-058CD045C5D4}"
EndProject
Project("{FAE04EC0-301F-11D3-BF4B-00C04F79EFBC}") = "Core", "Core\Core.csproj", "{41ACBEF1-B159-4C49-A0F9-A07911617B52}"
EndProject
Global
	GlobalSection(SolutionConfigurationPlatforms) = preSolution
		Debug|Any CPU = Debug|Any CPU
		Release|Any CPU = Release|Any CPU
		voronoi|Any CPU = voronoi|Any CPU
	EndGlobalSection
	GlobalSection(ProjectConfigurationPlatforms) = postSolution
		{CD76B6CC-B447-4748-BFAC-058CD045C5D4}.Debug|Any CPU.ActiveCfg = Debug|Any CPU
		{CD76B6CC-B447-4748-BFAC-058CD045C5D4}.Debug|Any CPU.Build.0 = Debug|Any CPU
		{CD76B6CC-B447-4748-BFAC-058CD045C5D4}.Release|Any CPU.ActiveCfg = Release|Any CPU
		{CD76B6CC-B447-4748-BFAC-058CD045C5D4}.Release|Any CPU.Build.0 = Release|Any CPU
		{CD76B6CC-B447-4748-BFAC-058CD045C5D4}.voronoi|Any CPU.ActiveCfg = Release|Any CPU
		{CD76B6CC-B447-4748-BFAC-058CD045C5D4}.voronoi|Any CPU.Build.0 = Release|Any CPU
		{41ACBEF1-B159-4C49-A0F9-A07911617B52}.Debug|Any CPU.ActiveCfg = Debug|Any CPU
		{41ACBEF1-B159-4C49-A0F9-A07911617B52}.Debug|Any CPU.Build.0 = Debug|Any CPU
		{41ACBEF1-B159-4C49-A0F9-A07911617B52}.Release|Any CPU.ActiveCfg = Release|Any CPU
		{41ACBEF1-B159-4C49-A0F9-A07911617B52}.Release|Any CPU.Build.0 = Release|Any CPU
		{41ACBEF1-B159-4C49-A0F9-A07911617B52}.voronoi|Any CPU.ActiveCfg = voronoi|Any CPU
		{41ACBEF1-B159-4C49-A0F9-A07911617B52}.voronoi|Any CPU.Build.0 = voronoi|Any CPU
	EndGlobalSection
	GlobalSection(SolutionProperties) = preSolution
		HideSolutionNode = FALSE
	EndGlobalSection
	GlobalSection(ExtensibilityGlobals) = postSolution
		SolutionGuid = {9CD6CCAE-63FC-439B-81A8-E56949B422DD}
	EndGlobalSection
EndGlobal
